
Microsoft Visual Studio Solution File, Format Version 12.00
# Visual Studio 15
VisualStudioVersion = 15.0.27130.2036
MinimumVisualStudioVersion = 10.0.40219.1
Project("{2150E333-8FDC-42A3-9474-1A3956D46DE8}") = "infra", "infra", "{3470242D-C5BE-4398-A66C-BA3D9FF2FCFE}"
EndProject
Project("{9A19103F-16F7-4668-BE54-9A1E7A4F7556}") = "Borg.Infra", "infra\Borg.Infra\Borg.Infra.csproj", "{2168E0B1-3E84-434D-80AA-2D2F30E12DAD}"
EndProject
Project("{2150E333-8FDC-42A3-9474-1A3956D46DE8}") = "test", "test", "{3F8FD894-379C-4042-988E-E03F0E35FBAE}"
EndProject
Project("{9A19103F-16F7-4668-BE54-9A1E7A4F7556}") = "Borg.Infra.Tests", "..\test\Borg.Infra.Tests\Borg.Infra.Tests.csproj", "{9E2B0F5D-FB41-417E-81D9-D9AF1F6E3D35}"
EndProject
Project("{9A19103F-16F7-4668-BE54-9A1E7A4F7556}") = "Borg.MVC", "infra\Borg.MVC\Borg.MVC.csproj", "{EF1E6FBE-E30B-48F0-89DA-8A735F63F775}"
EndProject
Project("{9A19103F-16F7-4668-BE54-9A1E7A4F7556}") = "Borg.MVC.Tests", "..\test\Borg.MVC.Tests\Borg.MVC.Tests.csproj", "{1F1F1801-654D-4C52-95BA-43B38760201C}"
EndProject
Project("{2150E333-8FDC-42A3-9474-1A3956D46DE8}") = "samples", "samples", "{7F9F9238-9BB2-4DF9-B40F-83144E60EE54}"
EndProject
Project("{9A19103F-16F7-4668-BE54-9A1E7A4F7556}") = "Borg.Mvc.Example", "..\samples\Borg.MVC.Example\Borg.Mvc.Example.csproj", "{D5220F59-C366-4C17-8FA6-08B510D7F39C}"
EndProject
Project("{9A19103F-16F7-4668-BE54-9A1E7A4F7556}") = "Borg.MVC.TagHelpers.HtmlPager.Example", "..\samples\Borg.MVC.TagHelpers.HtmlPager.Example\Borg.MVC.TagHelpers.HtmlPager.Example.csproj", "{0B8E527D-67F9-4EEF-A244-CB91EF12CA85}"
EndProject
Project("{2150E333-8FDC-42A3-9474-1A3956D46DE8}") = "platform", "platform", "{226B3D05-0B00-47A7-AF78-C4E31DA83033}"
EndProject
Project("{9A19103F-16F7-4668-BE54-9A1E7A4F7556}") = "Borg.Platform.EF", "platform\Borg.Platform.EF\Borg.Platform.EF.csproj", "{481EB5D5-54CA-41D0-AF3B-112CBDF53A69}"
EndProject
Project("{9A19103F-16F7-4668-BE54-9A1E7A4F7556}") = "Borg.Platform.Azure", "platform\Borg.Platform.Azure\Borg.Platform.Azure.csproj", "{0FF44B39-5ED4-4AC8-83DF-0F6B8610ADD0}"
EndProject
Project("{9A19103F-16F7-4668-BE54-9A1E7A4F7556}") = "Borg.Platform.Azure.Tests", "..\test\Borg.Platform.Azure.Tests\Borg.Platform.Azure.Tests.csproj", "{9429A31A-96F8-47E3-A745-80A69ADDF738}"
EndProject
Project("{2150E333-8FDC-42A3-9474-1A3956D46DE8}") = "projects", "projects", "{0575EC25-0430-47EF-A6F9-D516A7C66C7B}"
EndProject
Project("{2150E333-8FDC-42A3-9474-1A3956D46DE8}") = "timesheets", "timesheets", "{132AC76A-1C4D-40B0-80A0-145B63021145}"
EndProject
Project("{9A19103F-16F7-4668-BE54-9A1E7A4F7556}") = "Timesheets.Web", "projects\timesheets\Timesheets.Web\Timesheets.Web.csproj", "{28746C9A-81A5-44C6-9EB2-0DF3DEE5A0AD}"
EndProject
Project("{2150E333-8FDC-42A3-9474-1A3956D46DE8}") = "framework", "framework", "{81AA46CA-2B84-48FA-B100-5BE02140CC7E}"
EndProject
Project("{2150E333-8FDC-42A3-9474-1A3956D46DE8}") = "playground", "playground", "{AE4D2172-44A0-42DE-888B-D599C853570E}"
EndProject
Project("{2150E333-8FDC-42A3-9474-1A3956D46DE8}") = "compose", "compose", "{320CE07B-DF88-47A1-98DB-B7F5CCD1E45C}"
EndProject
Project("{E53339B2-1760-4266-BCC7-CA923CBCF16C}") = "docker-compose", "projects\playground\compose\docker-compose.dcproj", "{4DE6C1CF-83C4-495B-B1CB-8B91B07AB41F}"
EndProject
Project("{9A19103F-16F7-4668-BE54-9A1E7A4F7556}") = "WebApi", "projects\playground\compose\WebApi\WebApi.csproj", "{F1A77ACC-658C-4C97-B30C-62AC58255091}"
EndProject
Project("{9A19103F-16F7-4668-BE54-9A1E7A4F7556}") = "Domain", "projects\playground\compose\Domain\Domain.csproj", "{101AF318-DFA8-4B72-B18A-49EFDD8369D7}"
EndProject
Project("{9A19103F-16F7-4668-BE54-9A1E7A4F7556}") = "Worker", "projects\playground\compose\Worker\Worker.csproj", "{68D3BA68-0504-45E5-A7CF-5C464E80A2B9}"
EndProject
Project("{9A19103F-16F7-4668-BE54-9A1E7A4F7556}") = "Web", "projects\playground\compose\Web\Web.csproj", "{9A3C79E0-1971-4D4D-878C-EDB1F8AD08BD}"
EndProject
Project("{9A19103F-16F7-4668-BE54-9A1E7A4F7556}") = "WebClient", "projects\playground\compose\WebClient\WebClient.csproj", "{FB81C081-E326-4254-851F-3EC13E72D266}"
EndProject
Project("{2150E333-8FDC-42A3-9474-1A3956D46DE8}") = "cms", "cms", "{41C73950-54D2-41F6-AE8B-DCBB42B19278}"
EndProject
Project("{9A19103F-16F7-4668-BE54-9A1E7A4F7556}") = "Borg.Cms.Basic", "projects\cms\Borg.Cms.Basic\Borg.Cms.Basic.csproj", "{5DB5DE13-C5DA-475F-ADEA-06D4599190EE}"
EndProject
Project("{9A19103F-16F7-4668-BE54-9A1E7A4F7556}") = "Borg.Cms.Basic.Lib", "projects\cms\Borg.Cms.Basic.Lib\Borg.Cms.Basic.Lib.csproj", "{63F71201-0736-45E8-9381-60A78AA340C5}"
EndProject
Project("{9A19103F-16F7-4668-BE54-9A1E7A4F7556}") = "Borg.Platform.ImageSharp", "platform\Borg.Platform.ImageSharp\Borg.Platform.ImageSharp.csproj", "{D240719E-DD3C-4DF0-87EB-93AEDDE74D14}"
EndProject
Project("{9A19103F-16F7-4668-BE54-9A1E7A4F7556}") = "Borg.CMS", "infra\Borg.CMS\Borg.CMS.csproj", "{4DF2BBA7-8C38-4494-9DFB-610A644BB18A}"
EndProject
Project("{9A19103F-16F7-4668-BE54-9A1E7A4F7556}") = "Borg.Cms.Basic.Backoffice", "projects\cms\Borg.Cms.Basic.Backoffice\Borg.Cms.Basic.Backoffice.csproj", "{A9BBCE4A-D75B-4B4A-B1AA-05494F9EEE82}"
EndProject
Project("{9A19103F-16F7-4668-BE54-9A1E7A4F7556}") = "Borg.Cms.Basic.PlugIns.BlogEngine", "projects\cms\Borg.Cms.Basic.PlugIns.BlogEngine\Borg.Cms.Basic.PlugIns.BlogEngine.csproj", "{92D521D0-D4B3-42D8-9228-B379DE81C40E}"
EndProject
Project("{9A19103F-16F7-4668-BE54-9A1E7A4F7556}") = "Borg.Cms.Basic.PlugIns.Documents", "projects\cms\Borg.Cms.Basic.PlugIns.Documents\Borg.Cms.Basic.PlugIns.Documents.csproj", "{E10FC0B3-CA03-4165-B9B1-52B13FB3C44C}"
EndProject
Project("{9A19103F-16F7-4668-BE54-9A1E7A4F7556}") = "Borg.Cms.Basic.Presentation", "projects\cms\Borg.Cms.Basic.Presentation\Borg.Cms.Basic.Presentation.csproj", "{8DAFD485-9E9C-4749-BCDB-9DE1EC94D2FD}"
EndProject
Project("{2150E333-8FDC-42A3-9474-1A3956D46DE8}") = "store", "store", "{56E33A3E-4680-4872-8303-5175FEEC0195}"
EndProject
Project("{9A19103F-16F7-4668-BE54-9A1E7A4F7556}") = "Borg.Store", "projects\store\Borg.Store\Borg.Store.csproj", "{6BB85093-3E97-4A7A-B86F-88539F395ED1}"
EndProject
Project("{2150E333-8FDC-42A3-9474-1A3956D46DE8}") = "bookstore", "bookstore", "{2871733E-5B32-48FB-874A-7C35E4C7CF5A}"
EndProject
Project("{FAE04EC0-301F-11D3-BF4B-00C04F79EFBC}") = "Borg.Bookstore", "projects\bookstore\Borg.Bookstore\Borg.Bookstore.csproj", "{15B1D886-20E5-4A8C-8299-3ABE76D3685D}"
EndProject
Project("{FAE04EC0-301F-11D3-BF4B-00C04F79EFBC}") = "Borg.Platform.Identity", "Borg.Platform.Identity\Borg.Platform.Identity.csproj", "{3640E3C3-125A-429C-9839-2DF29A04BE0D}"
EndProject
Global
	GlobalSection(SolutionConfigurationPlatforms) = preSolution
		Debug|Any CPU = Debug|Any CPU
		Release|Any CPU = Release|Any CPU
	EndGlobalSection
	GlobalSection(ProjectConfigurationPlatforms) = postSolution
		{2168E0B1-3E84-434D-80AA-2D2F30E12DAD}.Debug|Any CPU.ActiveCfg = Debug|Any CPU
		{2168E0B1-3E84-434D-80AA-2D2F30E12DAD}.Debug|Any CPU.Build.0 = Debug|Any CPU
		{2168E0B1-3E84-434D-80AA-2D2F30E12DAD}.Release|Any CPU.ActiveCfg = Release|Any CPU
		{2168E0B1-3E84-434D-80AA-2D2F30E12DAD}.Release|Any CPU.Build.0 = Release|Any CPU
		{9E2B0F5D-FB41-417E-81D9-D9AF1F6E3D35}.Debug|Any CPU.ActiveCfg = Debug|Any CPU
		{9E2B0F5D-FB41-417E-81D9-D9AF1F6E3D35}.Debug|Any CPU.Build.0 = Debug|Any CPU
		{9E2B0F5D-FB41-417E-81D9-D9AF1F6E3D35}.Release|Any CPU.ActiveCfg = Release|Any CPU
		{9E2B0F5D-FB41-417E-81D9-D9AF1F6E3D35}.Release|Any CPU.Build.0 = Release|Any CPU
		{EF1E6FBE-E30B-48F0-89DA-8A735F63F775}.Debug|Any CPU.ActiveCfg = Debug|Any CPU
		{EF1E6FBE-E30B-48F0-89DA-8A735F63F775}.Debug|Any CPU.Build.0 = Debug|Any CPU
		{EF1E6FBE-E30B-48F0-89DA-8A735F63F775}.Release|Any CPU.ActiveCfg = Release|Any CPU
		{EF1E6FBE-E30B-48F0-89DA-8A735F63F775}.Release|Any CPU.Build.0 = Release|Any CPU
		{1F1F1801-654D-4C52-95BA-43B38760201C}.Debug|Any CPU.ActiveCfg = Debug|Any CPU
		{1F1F1801-654D-4C52-95BA-43B38760201C}.Debug|Any CPU.Build.0 = Debug|Any CPU
		{1F1F1801-654D-4C52-95BA-43B38760201C}.Release|Any CPU.ActiveCfg = Release|Any CPU
		{1F1F1801-654D-4C52-95BA-43B38760201C}.Release|Any CPU.Build.0 = Release|Any CPU
		{D5220F59-C366-4C17-8FA6-08B510D7F39C}.Debug|Any CPU.ActiveCfg = Debug|Any CPU
		{D5220F59-C366-4C17-8FA6-08B510D7F39C}.Debug|Any CPU.Build.0 = Debug|Any CPU
		{D5220F59-C366-4C17-8FA6-08B510D7F39C}.Release|Any CPU.ActiveCfg = Release|Any CPU
		{D5220F59-C366-4C17-8FA6-08B510D7F39C}.Release|Any CPU.Build.0 = Release|Any CPU
		{0B8E527D-67F9-4EEF-A244-CB91EF12CA85}.Debug|Any CPU.ActiveCfg = Debug|Any CPU
		{0B8E527D-67F9-4EEF-A244-CB91EF12CA85}.Debug|Any CPU.Build.0 = Debug|Any CPU
		{0B8E527D-67F9-4EEF-A244-CB91EF12CA85}.Release|Any CPU.ActiveCfg = Release|Any CPU
		{0B8E527D-67F9-4EEF-A244-CB91EF12CA85}.Release|Any CPU.Build.0 = Release|Any CPU
		{481EB5D5-54CA-41D0-AF3B-112CBDF53A69}.Debug|Any CPU.ActiveCfg = Debug|Any CPU
		{481EB5D5-54CA-41D0-AF3B-112CBDF53A69}.Debug|Any CPU.Build.0 = Debug|Any CPU
		{481EB5D5-54CA-41D0-AF3B-112CBDF53A69}.Release|Any CPU.ActiveCfg = Release|Any CPU
		{481EB5D5-54CA-41D0-AF3B-112CBDF53A69}.Release|Any CPU.Build.0 = Release|Any CPU
		{0FF44B39-5ED4-4AC8-83DF-0F6B8610ADD0}.Debug|Any CPU.ActiveCfg = Debug|Any CPU
		{0FF44B39-5ED4-4AC8-83DF-0F6B8610ADD0}.Debug|Any CPU.Build.0 = Debug|Any CPU
		{0FF44B39-5ED4-4AC8-83DF-0F6B8610ADD0}.Release|Any CPU.ActiveCfg = Release|Any CPU
		{0FF44B39-5ED4-4AC8-83DF-0F6B8610ADD0}.Release|Any CPU.Build.0 = Release|Any CPU
		{9429A31A-96F8-47E3-A745-80A69ADDF738}.Debug|Any CPU.ActiveCfg = Debug|Any CPU
		{9429A31A-96F8-47E3-A745-80A69ADDF738}.Debug|Any CPU.Build.0 = Debug|Any CPU
		{9429A31A-96F8-47E3-A745-80A69ADDF738}.Release|Any CPU.ActiveCfg = Release|Any CPU
		{9429A31A-96F8-47E3-A745-80A69ADDF738}.Release|Any CPU.Build.0 = Release|Any CPU
		{28746C9A-81A5-44C6-9EB2-0DF3DEE5A0AD}.Debug|Any CPU.ActiveCfg = Debug|Any CPU
		{28746C9A-81A5-44C6-9EB2-0DF3DEE5A0AD}.Debug|Any CPU.Build.0 = Debug|Any CPU
		{28746C9A-81A5-44C6-9EB2-0DF3DEE5A0AD}.Release|Any CPU.ActiveCfg = Release|Any CPU
		{28746C9A-81A5-44C6-9EB2-0DF3DEE5A0AD}.Release|Any CPU.Build.0 = Release|Any CPU
		{4DE6C1CF-83C4-495B-B1CB-8B91B07AB41F}.Debug|Any CPU.ActiveCfg = Debug|Any CPU
		{4DE6C1CF-83C4-495B-B1CB-8B91B07AB41F}.Debug|Any CPU.Build.0 = Debug|Any CPU
		{4DE6C1CF-83C4-495B-B1CB-8B91B07AB41F}.Release|Any CPU.ActiveCfg = Release|Any CPU
		{4DE6C1CF-83C4-495B-B1CB-8B91B07AB41F}.Release|Any CPU.Build.0 = Release|Any CPU
		{F1A77ACC-658C-4C97-B30C-62AC58255091}.Debug|Any CPU.ActiveCfg = Debug|Any CPU
		{F1A77ACC-658C-4C97-B30C-62AC58255091}.Debug|Any CPU.Build.0 = Debug|Any CPU
		{F1A77ACC-658C-4C97-B30C-62AC58255091}.Release|Any CPU.ActiveCfg = Release|Any CPU
		{F1A77ACC-658C-4C97-B30C-62AC58255091}.Release|Any CPU.Build.0 = Release|Any CPU
		{101AF318-DFA8-4B72-B18A-49EFDD8369D7}.Debug|Any CPU.ActiveCfg = Debug|Any CPU
		{101AF318-DFA8-4B72-B18A-49EFDD8369D7}.Debug|Any CPU.Build.0 = Debug|Any CPU
		{101AF318-DFA8-4B72-B18A-49EFDD8369D7}.Release|Any CPU.ActiveCfg = Release|Any CPU
		{101AF318-DFA8-4B72-B18A-49EFDD8369D7}.Release|Any CPU.Build.0 = Release|Any CPU
		{68D3BA68-0504-45E5-A7CF-5C464E80A2B9}.Debug|Any CPU.ActiveCfg = Debug|Any CPU
		{68D3BA68-0504-45E5-A7CF-5C464E80A2B9}.Debug|Any CPU.Build.0 = Debug|Any CPU
		{68D3BA68-0504-45E5-A7CF-5C464E80A2B9}.Release|Any CPU.ActiveCfg = Release|Any CPU
		{68D3BA68-0504-45E5-A7CF-5C464E80A2B9}.Release|Any CPU.Build.0 = Release|Any CPU
		{9A3C79E0-1971-4D4D-878C-EDB1F8AD08BD}.Debug|Any CPU.ActiveCfg = Debug|Any CPU
		{9A3C79E0-1971-4D4D-878C-EDB1F8AD08BD}.Debug|Any CPU.Build.0 = Debug|Any CPU
		{9A3C79E0-1971-4D4D-878C-EDB1F8AD08BD}.Release|Any CPU.ActiveCfg = Release|Any CPU
		{9A3C79E0-1971-4D4D-878C-EDB1F8AD08BD}.Release|Any CPU.Build.0 = Release|Any CPU
		{FB81C081-E326-4254-851F-3EC13E72D266}.Debug|Any CPU.ActiveCfg = Debug|Any CPU
		{FB81C081-E326-4254-851F-3EC13E72D266}.Debug|Any CPU.Build.0 = Debug|Any CPU
		{FB81C081-E326-4254-851F-3EC13E72D266}.Release|Any CPU.ActiveCfg = Release|Any CPU
		{FB81C081-E326-4254-851F-3EC13E72D266}.Release|Any CPU.Build.0 = Release|Any CPU
		{5DB5DE13-C5DA-475F-ADEA-06D4599190EE}.Debug|Any CPU.ActiveCfg = Debug|Any CPU
		{5DB5DE13-C5DA-475F-ADEA-06D4599190EE}.Debug|Any CPU.Build.0 = Debug|Any CPU
		{5DB5DE13-C5DA-475F-ADEA-06D4599190EE}.Release|Any CPU.ActiveCfg = Release|Any CPU
		{5DB5DE13-C5DA-475F-ADEA-06D4599190EE}.Release|Any CPU.Build.0 = Release|Any CPU
		{63F71201-0736-45E8-9381-60A78AA340C5}.Debug|Any CPU.ActiveCfg = Debug|Any CPU
		{63F71201-0736-45E8-9381-60A78AA340C5}.Debug|Any CPU.Build.0 = Debug|Any CPU
		{63F71201-0736-45E8-9381-60A78AA340C5}.Release|Any CPU.ActiveCfg = Release|Any CPU
		{63F71201-0736-45E8-9381-60A78AA340C5}.Release|Any CPU.Build.0 = Release|Any CPU
		{D240719E-DD3C-4DF0-87EB-93AEDDE74D14}.Debug|Any CPU.ActiveCfg = Debug|Any CPU
		{D240719E-DD3C-4DF0-87EB-93AEDDE74D14}.Debug|Any CPU.Build.0 = Debug|Any CPU
		{D240719E-DD3C-4DF0-87EB-93AEDDE74D14}.Release|Any CPU.ActiveCfg = Release|Any CPU
		{D240719E-DD3C-4DF0-87EB-93AEDDE74D14}.Release|Any CPU.Build.0 = Release|Any CPU
		{4DF2BBA7-8C38-4494-9DFB-610A644BB18A}.Debug|Any CPU.ActiveCfg = Debug|Any CPU
		{4DF2BBA7-8C38-4494-9DFB-610A644BB18A}.Debug|Any CPU.Build.0 = Debug|Any CPU
		{4DF2BBA7-8C38-4494-9DFB-610A644BB18A}.Release|Any CPU.ActiveCfg = Release|Any CPU
		{4DF2BBA7-8C38-4494-9DFB-610A644BB18A}.Release|Any CPU.Build.0 = Release|Any CPU
		{A9BBCE4A-D75B-4B4A-B1AA-05494F9EEE82}.Debug|Any CPU.ActiveCfg = Debug|Any CPU
		{A9BBCE4A-D75B-4B4A-B1AA-05494F9EEE82}.Debug|Any CPU.Build.0 = Debug|Any CPU
		{A9BBCE4A-D75B-4B4A-B1AA-05494F9EEE82}.Release|Any CPU.ActiveCfg = Release|Any CPU
		{A9BBCE4A-D75B-4B4A-B1AA-05494F9EEE82}.Release|Any CPU.Build.0 = Release|Any CPU
		{92D521D0-D4B3-42D8-9228-B379DE81C40E}.Debug|Any CPU.ActiveCfg = Debug|Any CPU
		{92D521D0-D4B3-42D8-9228-B379DE81C40E}.Debug|Any CPU.Build.0 = Debug|Any CPU
		{92D521D0-D4B3-42D8-9228-B379DE81C40E}.Release|Any CPU.ActiveCfg = Release|Any CPU
		{92D521D0-D4B3-42D8-9228-B379DE81C40E}.Release|Any CPU.Build.0 = Release|Any CPU
		{E10FC0B3-CA03-4165-B9B1-52B13FB3C44C}.Debug|Any CPU.ActiveCfg = Debug|Any CPU
		{E10FC0B3-CA03-4165-B9B1-52B13FB3C44C}.Debug|Any CPU.Build.0 = Debug|Any CPU
		{E10FC0B3-CA03-4165-B9B1-52B13FB3C44C}.Release|Any CPU.ActiveCfg = Release|Any CPU
		{E10FC0B3-CA03-4165-B9B1-52B13FB3C44C}.Release|Any CPU.Build.0 = Release|Any CPU
		{8DAFD485-9E9C-4749-BCDB-9DE1EC94D2FD}.Debug|Any CPU.ActiveCfg = Debug|Any CPU
		{8DAFD485-9E9C-4749-BCDB-9DE1EC94D2FD}.Debug|Any CPU.Build.0 = Debug|Any CPU
		{8DAFD485-9E9C-4749-BCDB-9DE1EC94D2FD}.Release|Any CPU.ActiveCfg = Release|Any CPU
		{8DAFD485-9E9C-4749-BCDB-9DE1EC94D2FD}.Release|Any CPU.Build.0 = Release|Any CPU
		{6BB85093-3E97-4A7A-B86F-88539F395ED1}.Debug|Any CPU.ActiveCfg = Debug|Any CPU
		{6BB85093-3E97-4A7A-B86F-88539F395ED1}.Debug|Any CPU.Build.0 = Debug|Any CPU
		{6BB85093-3E97-4A7A-B86F-88539F395ED1}.Release|Any CPU.ActiveCfg = Release|Any CPU
		{6BB85093-3E97-4A7A-B86F-88539F395ED1}.Release|Any CPU.Build.0 = Release|Any CPU
		{15B1D886-20E5-4A8C-8299-3ABE76D3685D}.Debug|Any CPU.ActiveCfg = Debug|Any CPU
		{15B1D886-20E5-4A8C-8299-3ABE76D3685D}.Debug|Any CPU.Build.0 = Debug|Any CPU
		{15B1D886-20E5-4A8C-8299-3ABE76D3685D}.Release|Any CPU.ActiveCfg = Release|Any CPU
		{15B1D886-20E5-4A8C-8299-3ABE76D3685D}.Release|Any CPU.Build.0 = Release|Any CPU
		{3640E3C3-125A-429C-9839-2DF29A04BE0D}.Debug|Any CPU.ActiveCfg = Debug|Any CPU
		{3640E3C3-125A-429C-9839-2DF29A04BE0D}.Debug|Any CPU.Build.0 = Debug|Any CPU
		{3640E3C3-125A-429C-9839-2DF29A04BE0D}.Release|Any CPU.ActiveCfg = Release|Any CPU
		{3640E3C3-125A-429C-9839-2DF29A04BE0D}.Release|Any CPU.Build.0 = Release|Any CPU
	EndGlobalSection
	GlobalSection(SolutionProperties) = preSolution
		HideSolutionNode = FALSE
	EndGlobalSection
	GlobalSection(NestedProjects) = preSolution
		{3470242D-C5BE-4398-A66C-BA3D9FF2FCFE} = {81AA46CA-2B84-48FA-B100-5BE02140CC7E}
		{2168E0B1-3E84-434D-80AA-2D2F30E12DAD} = {3470242D-C5BE-4398-A66C-BA3D9FF2FCFE}
		{9E2B0F5D-FB41-417E-81D9-D9AF1F6E3D35} = {3F8FD894-379C-4042-988E-E03F0E35FBAE}
		{EF1E6FBE-E30B-48F0-89DA-8A735F63F775} = {3470242D-C5BE-4398-A66C-BA3D9FF2FCFE}
		{1F1F1801-654D-4C52-95BA-43B38760201C} = {3F8FD894-379C-4042-988E-E03F0E35FBAE}
		{D5220F59-C366-4C17-8FA6-08B510D7F39C} = {7F9F9238-9BB2-4DF9-B40F-83144E60EE54}
		{0B8E527D-67F9-4EEF-A244-CB91EF12CA85} = {7F9F9238-9BB2-4DF9-B40F-83144E60EE54}
		{226B3D05-0B00-47A7-AF78-C4E31DA83033} = {81AA46CA-2B84-48FA-B100-5BE02140CC7E}
		{481EB5D5-54CA-41D0-AF3B-112CBDF53A69} = {226B3D05-0B00-47A7-AF78-C4E31DA83033}
		{0FF44B39-5ED4-4AC8-83DF-0F6B8610ADD0} = {226B3D05-0B00-47A7-AF78-C4E31DA83033}
		{9429A31A-96F8-47E3-A745-80A69ADDF738} = {3F8FD894-379C-4042-988E-E03F0E35FBAE}
		{132AC76A-1C4D-40B0-80A0-145B63021145} = {0575EC25-0430-47EF-A6F9-D516A7C66C7B}
		{28746C9A-81A5-44C6-9EB2-0DF3DEE5A0AD} = {132AC76A-1C4D-40B0-80A0-145B63021145}
		{AE4D2172-44A0-42DE-888B-D599C853570E} = {0575EC25-0430-47EF-A6F9-D516A7C66C7B}
		{320CE07B-DF88-47A1-98DB-B7F5CCD1E45C} = {AE4D2172-44A0-42DE-888B-D599C853570E}
		{4DE6C1CF-83C4-495B-B1CB-8B91B07AB41F} = {320CE07B-DF88-47A1-98DB-B7F5CCD1E45C}
		{F1A77ACC-658C-4C97-B30C-62AC58255091} = {320CE07B-DF88-47A1-98DB-B7F5CCD1E45C}
		{101AF318-DFA8-4B72-B18A-49EFDD8369D7} = {320CE07B-DF88-47A1-98DB-B7F5CCD1E45C}
		{68D3BA68-0504-45E5-A7CF-5C464E80A2B9} = {320CE07B-DF88-47A1-98DB-B7F5CCD1E45C}
		{9A3C79E0-1971-4D4D-878C-EDB1F8AD08BD} = {320CE07B-DF88-47A1-98DB-B7F5CCD1E45C}
		{FB81C081-E326-4254-851F-3EC13E72D266} = {320CE07B-DF88-47A1-98DB-B7F5CCD1E45C}
		{41C73950-54D2-41F6-AE8B-DCBB42B19278} = {0575EC25-0430-47EF-A6F9-D516A7C66C7B}
		{5DB5DE13-C5DA-475F-ADEA-06D4599190EE} = {41C73950-54D2-41F6-AE8B-DCBB42B19278}
		{63F71201-0736-45E8-9381-60A78AA340C5} = {41C73950-54D2-41F6-AE8B-DCBB42B19278}
		{D240719E-DD3C-4DF0-87EB-93AEDDE74D14} = {226B3D05-0B00-47A7-AF78-C4E31DA83033}
		{4DF2BBA7-8C38-4494-9DFB-610A644BB18A} = {3470242D-C5BE-4398-A66C-BA3D9FF2FCFE}
		{A9BBCE4A-D75B-4B4A-B1AA-05494F9EEE82} = {41C73950-54D2-41F6-AE8B-DCBB42B19278}
		{92D521D0-D4B3-42D8-9228-B379DE81C40E} = {41C73950-54D2-41F6-AE8B-DCBB42B19278}
		{E10FC0B3-CA03-4165-B9B1-52B13FB3C44C} = {41C73950-54D2-41F6-AE8B-DCBB42B19278}
		{8DAFD485-9E9C-4749-BCDB-9DE1EC94D2FD} = {41C73950-54D2-41F6-AE8B-DCBB42B19278}
		{56E33A3E-4680-4872-8303-5175FEEC0195} = {0575EC25-0430-47EF-A6F9-D516A7C66C7B}
		{6BB85093-3E97-4A7A-B86F-88539F395ED1} = {56E33A3E-4680-4872-8303-5175FEEC0195}
		{2871733E-5B32-48FB-874A-7C35E4C7CF5A} = {0575EC25-0430-47EF-A6F9-D516A7C66C7B}
		{15B1D886-20E5-4A8C-8299-3ABE76D3685D} = {2871733E-5B32-48FB-874A-7C35E4C7CF5A}
		{3640E3C3-125A-429C-9839-2DF29A04BE0D} = {226B3D05-0B00-47A7-AF78-C4E31DA83033}
	EndGlobalSection
	GlobalSection(ExtensibilityGlobals) = postSolution
		SolutionGuid = {A383B681-DE8E-4944-8D4D-2EFFDEE3C9A7}
	EndGlobalSection
EndGlobal
