
Microsoft Visual Studio Solution File, Format Version 12.00
# Visual Studio 15
VisualStudioVersion = 15.0.27004.2010
MinimumVisualStudioVersion = 10.0.40219.1
Project("{2150E333-8FDC-42A3-9474-1A3956D46DE8}") = "infra", "infra", "{3470242D-C5BE-4398-A66C-BA3D9FF2FCFE}"
EndProject
Project("{9A19103F-16F7-4668-BE54-9A1E7A4F7556}") = "Borg.Infra", "infra\Borg.Infra\Borg.Infra.csproj", "{2168E0B1-3E84-434D-80AA-2D2F30E12DAD}"
EndProject
Project("{2150E333-8FDC-42A3-9474-1A3956D46DE8}") = "test", "test", "{3F8FD894-379C-4042-988E-E03F0E35FBAE}"
EndProject
Project("{9A19103F-16F7-4668-BE54-9A1E7A4F7556}") = "Borg.Infra.Tests", "..\test\Borg.Infra.Tests\Borg.Infra.Tests.csproj", "{9E2B0F5D-FB41-417E-81D9-D9AF1F6E3D35}"
EndProject
Project("{9A19103F-16F7-4668-BE54-9A1E7A4F7556}") = "Borg.MVC", "infra\Borg.MVC\Borg.MVC.csproj", "{EF1E6FBE-E30B-48F0-89DA-8A735F63F775}"
EndProject
Project("{9A19103F-16F7-4668-BE54-9A1E7A4F7556}") = "Borg.MVC.Tests", "..\test\Borg.MVC.Tests\Borg.MVC.Tests.csproj", "{1F1F1801-654D-4C52-95BA-43B38760201C}"
EndProject
Project("{2150E333-8FDC-42A3-9474-1A3956D46DE8}") = "samples", "samples", "{7F9F9238-9BB2-4DF9-B40F-83144E60EE54}"
EndProject
Project("{9A19103F-16F7-4668-BE54-9A1E7A4F7556}") = "Borg.Mvc.Example", "..\samples\Borg.MVC.Example\Borg.Mvc.Example.csproj", "{D5220F59-C366-4C17-8FA6-08B510D7F39C}"
EndProject
Project("{9A19103F-16F7-4668-BE54-9A1E7A4F7556}") = "Borg.MVC.TagHelpers.HtmlPager.Example", "..\samples\Borg.MVC.TagHelpers.HtmlPager.Example\Borg.MVC.TagHelpers.HtmlPager.Example.csproj", "{0B8E527D-67F9-4EEF-A244-CB91EF12CA85}"
EndProject
Project("{2150E333-8FDC-42A3-9474-1A3956D46DE8}") = "platform", "platform", "{226B3D05-0B00-47A7-AF78-C4E31DA83033}"
EndProject
Project("{9A19103F-16F7-4668-BE54-9A1E7A4F7556}") = "Borg.Platform.EF", "platform\Borg.Platform.EF\Borg.Platform.EF.csproj", "{481EB5D5-54CA-41D0-AF3B-112CBDF53A69}"
EndProject
Project("{9A19103F-16F7-4668-BE54-9A1E7A4F7556}") = "Borg.Platform.Azure", "platform\Borg.Platform.Azure\Borg.Platform.Azure.csproj", "{0FF44B39-5ED4-4AC8-83DF-0F6B8610ADD0}"
EndProject
Project("{9A19103F-16F7-4668-BE54-9A1E7A4F7556}") = "Borg.Platform.Azure.Tests", "..\test\Borg.Platform.Azure.Tests\Borg.Platform.Azure.Tests.csproj", "{9429A31A-96F8-47E3-A745-80A69ADDF738}"
EndProject
Project("{2150E333-8FDC-42A3-9474-1A3956D46DE8}") = "projects", "projects", "{0575EC25-0430-47EF-A6F9-D516A7C66C7B}"
EndProject
Project("{2150E333-8FDC-42A3-9474-1A3956D46DE8}") = "timesheets", "timesheets", "{132AC76A-1C4D-40B0-80A0-145B63021145}"
EndProject
Project("{9A19103F-16F7-4668-BE54-9A1E7A4F7556}") = "Timesheets.Web", "projects\timesheets\Timesheets.Web\Timesheets.Web.csproj", "{28746C9A-81A5-44C6-9EB2-0DF3DEE5A0AD}"
EndProject
Project("{2150E333-8FDC-42A3-9474-1A3956D46DE8}") = "framework", "framework", "{81AA46CA-2B84-48FA-B100-5BE02140CC7E}"
EndProject
Global
	GlobalSection(SolutionConfigurationPlatforms) = preSolution
		Debug|Any CPU = Debug|Any CPU
		Release|Any CPU = Release|Any CPU
	EndGlobalSection
	GlobalSection(ProjectConfigurationPlatforms) = postSolution
		{2168E0B1-3E84-434D-80AA-2D2F30E12DAD}.Debug|Any CPU.ActiveCfg = Debug|Any CPU
		{2168E0B1-3E84-434D-80AA-2D2F30E12DAD}.Debug|Any CPU.Build.0 = Debug|Any CPU
		{2168E0B1-3E84-434D-80AA-2D2F30E12DAD}.Release|Any CPU.ActiveCfg = Release|Any CPU
		{2168E0B1-3E84-434D-80AA-2D2F30E12DAD}.Release|Any CPU.Build.0 = Release|Any CPU
		{9E2B0F5D-FB41-417E-81D9-D9AF1F6E3D35}.Debug|Any CPU.ActiveCfg = Debug|Any CPU
		{9E2B0F5D-FB41-417E-81D9-D9AF1F6E3D35}.Debug|Any CPU.Build.0 = Debug|Any CPU
		{9E2B0F5D-FB41-417E-81D9-D9AF1F6E3D35}.Release|Any CPU.ActiveCfg = Release|Any CPU
		{9E2B0F5D-FB41-417E-81D9-D9AF1F6E3D35}.Release|Any CPU.Build.0 = Release|Any CPU
		{EF1E6FBE-E30B-48F0-89DA-8A735F63F775}.Debug|Any CPU.ActiveCfg = Debug|Any CPU
		{EF1E6FBE-E30B-48F0-89DA-8A735F63F775}.Debug|Any CPU.Build.0 = Debug|Any CPU
		{EF1E6FBE-E30B-48F0-89DA-8A735F63F775}.Release|Any CPU.ActiveCfg = Release|Any CPU
		{EF1E6FBE-E30B-48F0-89DA-8A735F63F775}.Release|Any CPU.Build.0 = Release|Any CPU
		{1F1F1801-654D-4C52-95BA-43B38760201C}.Debug|Any CPU.ActiveCfg = Debug|Any CPU
		{1F1F1801-654D-4C52-95BA-43B38760201C}.Debug|Any CPU.Build.0 = Debug|Any CPU
		{1F1F1801-654D-4C52-95BA-43B38760201C}.Release|Any CPU.ActiveCfg = Release|Any CPU
		{1F1F1801-654D-4C52-95BA-43B38760201C}.Release|Any CPU.Build.0 = Release|Any CPU
		{D5220F59-C366-4C17-8FA6-08B510D7F39C}.Debug|Any CPU.ActiveCfg = Debug|Any CPU
		{D5220F59-C366-4C17-8FA6-08B510D7F39C}.Debug|Any CPU.Build.0 = Debug|Any CPU
		{D5220F59-C366-4C17-8FA6-08B510D7F39C}.Release|Any CPU.ActiveCfg = Release|Any CPU
		{D5220F59-C366-4C17-8FA6-08B510D7F39C}.Release|Any CPU.Build.0 = Release|Any CPU
		{0B8E527D-67F9-4EEF-A244-CB91EF12CA85}.Debug|Any CPU.ActiveCfg = Debug|Any CPU
		{0B8E527D-67F9-4EEF-A244-CB91EF12CA85}.Debug|Any CPU.Build.0 = Debug|Any CPU
		{0B8E527D-67F9-4EEF-A244-CB91EF12CA85}.Release|Any CPU.ActiveCfg = Release|Any CPU
		{0B8E527D-67F9-4EEF-A244-CB91EF12CA85}.Release|Any CPU.Build.0 = Release|Any CPU
		{481EB5D5-54CA-41D0-AF3B-112CBDF53A69}.Debug|Any CPU.ActiveCfg = Debug|Any CPU
		{481EB5D5-54CA-41D0-AF3B-112CBDF53A69}.Debug|Any CPU.Build.0 = Debug|Any CPU
		{481EB5D5-54CA-41D0-AF3B-112CBDF53A69}.Release|Any CPU.ActiveCfg = Release|Any CPU
		{481EB5D5-54CA-41D0-AF3B-112CBDF53A69}.Release|Any CPU.Build.0 = Release|Any CPU
		{0FF44B39-5ED4-4AC8-83DF-0F6B8610ADD0}.Debug|Any CPU.ActiveCfg = Debug|Any CPU
		{0FF44B39-5ED4-4AC8-83DF-0F6B8610ADD0}.Debug|Any CPU.Build.0 = Debug|Any CPU
		{0FF44B39-5ED4-4AC8-83DF-0F6B8610ADD0}.Release|Any CPU.ActiveCfg = Release|Any CPU
		{0FF44B39-5ED4-4AC8-83DF-0F6B8610ADD0}.Release|Any CPU.Build.0 = Release|Any CPU
		{9429A31A-96F8-47E3-A745-80A69ADDF738}.Debug|Any CPU.ActiveCfg = Debug|Any CPU
		{9429A31A-96F8-47E3-A745-80A69ADDF738}.Debug|Any CPU.Build.0 = Debug|Any CPU
		{9429A31A-96F8-47E3-A745-80A69ADDF738}.Release|Any CPU.ActiveCfg = Release|Any CPU
		{9429A31A-96F8-47E3-A745-80A69ADDF738}.Release|Any CPU.Build.0 = Release|Any CPU
		{28746C9A-81A5-44C6-9EB2-0DF3DEE5A0AD}.Debug|Any CPU.ActiveCfg = Debug|Any CPU
		{28746C9A-81A5-44C6-9EB2-0DF3DEE5A0AD}.Debug|Any CPU.Build.0 = Debug|Any CPU
		{28746C9A-81A5-44C6-9EB2-0DF3DEE5A0AD}.Release|Any CPU.ActiveCfg = Release|Any CPU
		{28746C9A-81A5-44C6-9EB2-0DF3DEE5A0AD}.Release|Any CPU.Build.0 = Release|Any CPU
	EndGlobalSection
	GlobalSection(SolutionProperties) = preSolution
		HideSolutionNode = FALSE
	EndGlobalSection
	GlobalSection(NestedProjects) = preSolution
		{3470242D-C5BE-4398-A66C-BA3D9FF2FCFE} = {81AA46CA-2B84-48FA-B100-5BE02140CC7E}
		{2168E0B1-3E84-434D-80AA-2D2F30E12DAD} = {3470242D-C5BE-4398-A66C-BA3D9FF2FCFE}
		{9E2B0F5D-FB41-417E-81D9-D9AF1F6E3D35} = {3F8FD894-379C-4042-988E-E03F0E35FBAE}
		{EF1E6FBE-E30B-48F0-89DA-8A735F63F775} = {3470242D-C5BE-4398-A66C-BA3D9FF2FCFE}
		{1F1F1801-654D-4C52-95BA-43B38760201C} = {3F8FD894-379C-4042-988E-E03F0E35FBAE}
		{D5220F59-C366-4C17-8FA6-08B510D7F39C} = {7F9F9238-9BB2-4DF9-B40F-83144E60EE54}
		{0B8E527D-67F9-4EEF-A244-CB91EF12CA85} = {7F9F9238-9BB2-4DF9-B40F-83144E60EE54}
		{226B3D05-0B00-47A7-AF78-C4E31DA83033} = {81AA46CA-2B84-48FA-B100-5BE02140CC7E}
		{481EB5D5-54CA-41D0-AF3B-112CBDF53A69} = {226B3D05-0B00-47A7-AF78-C4E31DA83033}
		{0FF44B39-5ED4-4AC8-83DF-0F6B8610ADD0} = {226B3D05-0B00-47A7-AF78-C4E31DA83033}
		{9429A31A-96F8-47E3-A745-80A69ADDF738} = {3F8FD894-379C-4042-988E-E03F0E35FBAE}
		{132AC76A-1C4D-40B0-80A0-145B63021145} = {0575EC25-0430-47EF-A6F9-D516A7C66C7B}
		{28746C9A-81A5-44C6-9EB2-0DF3DEE5A0AD} = {132AC76A-1C4D-40B0-80A0-145B63021145}
	EndGlobalSection
	GlobalSection(ExtensibilityGlobals) = postSolution
		SolutionGuid = {A383B681-DE8E-4944-8D4D-2EFFDEE3C9A7}
	EndGlobalSection
EndGlobal
